
Microsoft Visual Studio Solution File, Format Version 12.00
# Visual Studio Version 16
VisualStudioVersion = 16.0.31911.196
MinimumVisualStudioVersion = 10.0.40219.1
Project("{FAE04EC0-301F-11D3-BF4B-00C04F79EFBC}") = "demowpf", "demowpf.csproj", "{BB074CC4-8C7E-4A24-A8D8-7BD0246E203A}"
EndProject
Global
	GlobalSection(SolutionConfigurationPlatforms) = preSolution
		Debug|Any CPU = Debug|Any CPU
		Release|Any CPU = Release|Any CPU
	EndGlobalSection
	GlobalSection(ProjectConfigurationPlatforms) = postSolution
		{BB074CC4-8C7E-4A24-A8D8-7BD0246E203A}.Debug|Any CPU.ActiveCfg = Debug|Any CPU
		{BB074CC4-8C7E-4A24-A8D8-7BD0246E203A}.Debug|Any CPU.Build.0 = Debug|Any CPU
		{BB074CC4-8C7E-4A24-A8D8-7BD0246E203A}.Release|Any CPU.ActiveCfg = Release|Any CPU
		{BB074CC4-8C7E-4A24-A8D8-7BD0246E203A}.Release|Any CPU.Build.0 = Release|Any CPU
	EndGlobalSection
	GlobalSection(SolutionProperties) = preSolution
		HideSolutionNode = FALSE
	EndGlobalSection
	GlobalSection(ExtensibilityGlobals) = postSolution
		SolutionGuid = {3FBAF522-F025-4C61-8751-CF9369620015}
	EndGlobalSection
EndGlobal
